// !$*UTF8*$!
{
	archiveVersion = 1;
	classes = {
	};
	objectVersion = 46;
	objects = {

/* Begin PBXBuildFile section */
		4C6ECEC31F45517A005405F0 /* AppDelegate.swift in Sources */ = {isa = PBXBuildFile; fileRef = 4C6ECEC21F45517A005405F0 /* AppDelegate.swift */; };
		4C6ECEC51F45517A005405F0 /* WaitDisplayViewController.swift in Sources */ = {isa = PBXBuildFile; fileRef = 4C6ECEC41F45517A005405F0 /* WaitDisplayViewController.swift */; };
		4C6ECEC81F45517A005405F0 /* Main.storyboard in Resources */ = {isa = PBXBuildFile; fileRef = 4C6ECEC61F45517A005405F0 /* Main.storyboard */; };
		4C6ECECA1F45517A005405F0 /* Assets.xcassets in Resources */ = {isa = PBXBuildFile; fileRef = 4C6ECEC91F45517A005405F0 /* Assets.xcassets */; };
		4C6ECECD1F45517A005405F0 /* LaunchScreen.storyboard in Resources */ = {isa = PBXBuildFile; fileRef = 4C6ECECB1F45517A005405F0 /* LaunchScreen.storyboard */; };
		4C6ECED81F45517A005405F0 /* WaitDisplayViewerTests.swift in Sources */ = {isa = PBXBuildFile; fileRef = 4C6ECED71F45517A005405F0 /* WaitDisplayViewerTests.swift */; };
		4C6ECEE31F45517A005405F0 /* WaitDisplayViewerUITests.swift in Sources */ = {isa = PBXBuildFile; fileRef = 4C6ECEE21F45517A005405F0 /* WaitDisplayViewerUITests.swift */; };
		4C6ECEF31F456CA3005405F0 /* TabBarController.swift in Sources */ = {isa = PBXBuildFile; fileRef = 4C6ECEF21F456CA3005405F0 /* TabBarController.swift */; };
/* End PBXBuildFile section */

/* Begin PBXContainerItemProxy section */
		4C6ECED41F45517A005405F0 /* PBXContainerItemProxy */ = {
			isa = PBXContainerItemProxy;
			containerPortal = 4C6ECEB71F45517A005405F0 /* Project object */;
			proxyType = 1;
			remoteGlobalIDString = 4C6ECEBE1F45517A005405F0;
			remoteInfo = WaitDisplayViewer;
		};
		4C6ECEDF1F45517A005405F0 /* PBXContainerItemProxy */ = {
			isa = PBXContainerItemProxy;
			containerPortal = 4C6ECEB71F45517A005405F0 /* Project object */;
			proxyType = 1;
			remoteGlobalIDString = 4C6ECEBE1F45517A005405F0;
			remoteInfo = WaitDisplayViewer;
		};
/* End PBXContainerItemProxy section */

/* Begin PBXFileReference section */
		4C6ECEBF1F45517A005405F0 /* WaitDisplayViewer.app */ = {isa = PBXFileReference; explicitFileType = wrapper.application; includeInIndex = 0; path = WaitDisplayViewer.app; sourceTree = BUILT_PRODUCTS_DIR; };
		4C6ECEC21F45517A005405F0 /* AppDelegate.swift */ = {isa = PBXFileReference; lastKnownFileType = sourcecode.swift; path = AppDelegate.swift; sourceTree = "<group>"; };
		4C6ECEC41F45517A005405F0 /* WaitDisplayViewController.swift */ = {isa = PBXFileReference; lastKnownFileType = sourcecode.swift; path = WaitDisplayViewController.swift; sourceTree = "<group>"; };
		4C6ECEC71F45517A005405F0 /* Base */ = {isa = PBXFileReference; lastKnownFileType = file.storyboard; name = Base; path = Base.lproj/Main.storyboard; sourceTree = "<group>"; };
		4C6ECEC91F45517A005405F0 /* Assets.xcassets */ = {isa = PBXFileReference; lastKnownFileType = folder.assetcatalog; path = Assets.xcassets; sourceTree = "<group>"; };
		4C6ECECC1F45517A005405F0 /* Base */ = {isa = PBXFileReference; lastKnownFileType = file.storyboard; name = Base; path = Base.lproj/LaunchScreen.storyboard; sourceTree = "<group>"; };
		4C6ECECE1F45517A005405F0 /* Info.plist */ = {isa = PBXFileReference; lastKnownFileType = text.plist.xml; path = Info.plist; sourceTree = "<group>"; };
		4C6ECED31F45517A005405F0 /* WaitDisplayViewerTests.xctest */ = {isa = PBXFileReference; explicitFileType = wrapper.cfbundle; includeInIndex = 0; path = WaitDisplayViewerTests.xctest; sourceTree = BUILT_PRODUCTS_DIR; };
		4C6ECED71F45517A005405F0 /* WaitDisplayViewerTests.swift */ = {isa = PBXFileReference; lastKnownFileType = sourcecode.swift; path = WaitDisplayViewerTests.swift; sourceTree = "<group>"; };
		4C6ECED91F45517A005405F0 /* Info.plist */ = {isa = PBXFileReference; lastKnownFileType = text.plist.xml; path = Info.plist; sourceTree = "<group>"; };
		4C6ECEDE1F45517A005405F0 /* WaitDisplayViewerUITests.xctest */ = {isa = PBXFileReference; explicitFileType = wrapper.cfbundle; includeInIndex = 0; path = WaitDisplayViewerUITests.xctest; sourceTree = BUILT_PRODUCTS_DIR; };
		4C6ECEE21F45517A005405F0 /* WaitDisplayViewerUITests.swift */ = {isa = PBXFileReference; lastKnownFileType = sourcecode.swift; path = WaitDisplayViewerUITests.swift; sourceTree = "<group>"; };
		4C6ECEE41F45517A005405F0 /* Info.plist */ = {isa = PBXFileReference; lastKnownFileType = text.plist.xml; path = Info.plist; sourceTree = "<group>"; };
		4C6ECEF21F456CA3005405F0 /* TabBarController.swift */ = {isa = PBXFileReference; fileEncoding = 4; lastKnownFileType = sourcecode.swift; path = TabBarController.swift; sourceTree = "<group>"; };
/* End PBXFileReference section */

/* Begin PBXFrameworksBuildPhase section */
		4C6ECEBC1F45517A005405F0 /* Frameworks */ = {
			isa = PBXFrameworksBuildPhase;
			buildActionMask = 2147483647;
			files = (
			);
			runOnlyForDeploymentPostprocessing = 0;
		};
		4C6ECED01F45517A005405F0 /* Frameworks */ = {
			isa = PBXFrameworksBuildPhase;
			buildActionMask = 2147483647;
			files = (
			);
			runOnlyForDeploymentPostprocessing = 0;
		};
		4C6ECEDB1F45517A005405F0 /* Frameworks */ = {
			isa = PBXFrameworksBuildPhase;
			buildActionMask = 2147483647;
			files = (
			);
			runOnlyForDeploymentPostprocessing = 0;
		};
/* End PBXFrameworksBuildPhase section */

/* Begin PBXGroup section */
		4C6ECEB61F45517A005405F0 = {
			isa = PBXGroup;
			children = (
				4C6ECEC11F45517A005405F0 /* WaitDisplayViewer */,
				4C6ECED61F45517A005405F0 /* WaitDisplayViewerTests */,
				4C6ECEE11F45517A005405F0 /* WaitDisplayViewerUITests */,
				4C6ECEC01F45517A005405F0 /* Products */,
			);
			sourceTree = "<group>";
		};
		4C6ECEC01F45517A005405F0 /* Products */ = {
			isa = PBXGroup;
			children = (
				4C6ECEBF1F45517A005405F0 /* WaitDisplayViewer.app */,
				4C6ECED31F45517A005405F0 /* WaitDisplayViewerTests.xctest */,
				4C6ECEDE1F45517A005405F0 /* WaitDisplayViewerUITests.xctest */,
			);
			name = Products;
			sourceTree = "<group>";
		};
		4C6ECEC11F45517A005405F0 /* WaitDisplayViewer */ = {
			isa = PBXGroup;
			children = (
				4C6ECEC21F45517A005405F0 /* AppDelegate.swift */,
				4C6ECEF21F456CA3005405F0 /* TabBarController.swift */,
				4C6ECEC41F45517A005405F0 /* WaitDisplayViewController.swift */,
				4C6ECEC61F45517A005405F0 /* Main.storyboard */,
				4C6ECEC91F45517A005405F0 /* Assets.xcassets */,
				4C6ECECB1F45517A005405F0 /* LaunchScreen.storyboard */,
				4C6ECECE1F45517A005405F0 /* Info.plist */,
			);
			path = WaitDisplayViewer;
			sourceTree = "<group>";
		};
		4C6ECED61F45517A005405F0 /* WaitDisplayViewerTests */ = {
			isa = PBXGroup;
			children = (
				4C6ECED71F45517A005405F0 /* WaitDisplayViewerTests.swift */,
				4C6ECED91F45517A005405F0 /* Info.plist */,
			);
			path = WaitDisplayViewerTests;
			sourceTree = "<group>";
		};
		4C6ECEE11F45517A005405F0 /* WaitDisplayViewerUITests */ = {
			isa = PBXGroup;
			children = (
				4C6ECEE21F45517A005405F0 /* WaitDisplayViewerUITests.swift */,
				4C6ECEE41F45517A005405F0 /* Info.plist */,
			);
			path = WaitDisplayViewerUITests;
			sourceTree = "<group>";
		};
/* End PBXGroup section */

/* Begin PBXNativeTarget section */
		4C6ECEBE1F45517A005405F0 /* WaitDisplayViewer */ = {
			isa = PBXNativeTarget;
			buildConfigurationList = 4C6ECEE71F45517A005405F0 /* Build configuration list for PBXNativeTarget "WaitDisplayViewer" */;
			buildPhases = (
				4C6ECEBB1F45517A005405F0 /* Sources */,
				4C6ECEBC1F45517A005405F0 /* Frameworks */,
				4C6ECEBD1F45517A005405F0 /* Resources */,
			);
			buildRules = (
			);
			dependencies = (
			);
			name = WaitDisplayViewer;
			productName = WaitDisplayViewer;
			productReference = 4C6ECEBF1F45517A005405F0 /* WaitDisplayViewer.app */;
			productType = "com.apple.product-type.application";
		};
		4C6ECED21F45517A005405F0 /* WaitDisplayViewerTests */ = {
			isa = PBXNativeTarget;
			buildConfigurationList = 4C6ECEEA1F45517A005405F0 /* Build configuration list for PBXNativeTarget "WaitDisplayViewerTests" */;
			buildPhases = (
				4C6ECECF1F45517A005405F0 /* Sources */,
				4C6ECED01F45517A005405F0 /* Frameworks */,
				4C6ECED11F45517A005405F0 /* Resources */,
			);
			buildRules = (
			);
			dependencies = (
				4C6ECED51F45517A005405F0 /* PBXTargetDependency */,
			);
			name = WaitDisplayViewerTests;
			productName = WaitDisplayViewerTests;
			productReference = 4C6ECED31F45517A005405F0 /* WaitDisplayViewerTests.xctest */;
			productType = "com.apple.product-type.bundle.unit-test";
		};
		4C6ECEDD1F45517A005405F0 /* WaitDisplayViewerUITests */ = {
			isa = PBXNativeTarget;
			buildConfigurationList = 4C6ECEED1F45517A005405F0 /* Build configuration list for PBXNativeTarget "WaitDisplayViewerUITests" */;
			buildPhases = (
				4C6ECEDA1F45517A005405F0 /* Sources */,
				4C6ECEDB1F45517A005405F0 /* Frameworks */,
				4C6ECEDC1F45517A005405F0 /* Resources */,
			);
			buildRules = (
			);
			dependencies = (
				4C6ECEE01F45517A005405F0 /* PBXTargetDependency */,
			);
			name = WaitDisplayViewerUITests;
			productName = WaitDisplayViewerUITests;
			productReference = 4C6ECEDE1F45517A005405F0 /* WaitDisplayViewerUITests.xctest */;
			productType = "com.apple.product-type.bundle.ui-testing";
		};
/* End PBXNativeTarget section */

/* Begin PBXProject section */
		4C6ECEB71F45517A005405F0 /* Project object */ = {
			isa = PBXProject;
			attributes = {
				LastSwiftUpdateCheck = 0830;
				LastUpgradeCheck = 0830;
				ORGANIZATIONNAME = Providence;
				TargetAttributes = {
					4C6ECEBE1F45517A005405F0 = {
						CreatedOnToolsVersion = 8.3.3;
						DevelopmentTeam = ZY953PKE4E;
						ProvisioningStyle = Automatic;
					};
					4C6ECED21F45517A005405F0 = {
						CreatedOnToolsVersion = 8.3.3;
						DevelopmentTeam = F7XY5R7QXY;
						ProvisioningStyle = Automatic;
						TestTargetID = 4C6ECEBE1F45517A005405F0;
					};
					4C6ECEDD1F45517A005405F0 = {
						CreatedOnToolsVersion = 8.3.3;
						DevelopmentTeam = F7XY5R7QXY;
						ProvisioningStyle = Automatic;
						TestTargetID = 4C6ECEBE1F45517A005405F0;
					};
				};
			};
			buildConfigurationList = 4C6ECEBA1F45517A005405F0 /* Build configuration list for PBXProject "WaitDisplayViewer" */;
			compatibilityVersion = "Xcode 3.2";
			developmentRegion = English;
			hasScannedForEncodings = 0;
			knownRegions = (
				en,
				Base,
			);
			mainGroup = 4C6ECEB61F45517A005405F0;
			productRefGroup = 4C6ECEC01F45517A005405F0 /* Products */;
			projectDirPath = "";
			projectRoot = "";
			targets = (
				4C6ECEBE1F45517A005405F0 /* WaitDisplayViewer */,
				4C6ECED21F45517A005405F0 /* WaitDisplayViewerTests */,
				4C6ECEDD1F45517A005405F0 /* WaitDisplayViewerUITests */,
			);
		};
/* End PBXProject section */

/* Begin PBXResourcesBuildPhase section */
		4C6ECEBD1F45517A005405F0 /* Resources */ = {
			isa = PBXResourcesBuildPhase;
			buildActionMask = 2147483647;
			files = (
				4C6ECECD1F45517A005405F0 /* LaunchScreen.storyboard in Resources */,
				4C6ECECA1F45517A005405F0 /* Assets.xcassets in Resources */,
				4C6ECEC81F45517A005405F0 /* Main.storyboard in Resources */,
			);
			runOnlyForDeploymentPostprocessing = 0;
		};
		4C6ECED11F45517A005405F0 /* Resources */ = {
			isa = PBXResourcesBuildPhase;
			buildActionMask = 2147483647;
			files = (
			);
			runOnlyForDeploymentPostprocessing = 0;
		};
		4C6ECEDC1F45517A005405F0 /* Resources */ = {
			isa = PBXResourcesBuildPhase;
			buildActionMask = 2147483647;
			files = (
			);
			runOnlyForDeploymentPostprocessing = 0;
		};
/* End PBXResourcesBuildPhase section */

/* Begin PBXSourcesBuildPhase section */
		4C6ECEBB1F45517A005405F0 /* Sources */ = {
			isa = PBXSourcesBuildPhase;
			buildActionMask = 2147483647;
			files = (
				4C6ECEF31F456CA3005405F0 /* TabBarController.swift in Sources */,
				4C6ECEC51F45517A005405F0 /* WaitDisplayViewController.swift in Sources */,
				4C6ECEC31F45517A005405F0 /* AppDelegate.swift in Sources */,
			);
			runOnlyForDeploymentPostprocessing = 0;
		};
		4C6ECECF1F45517A005405F0 /* Sources */ = {
			isa = PBXSourcesBuildPhase;
			buildActionMask = 2147483647;
			files = (
				4C6ECED81F45517A005405F0 /* WaitDisplayViewerTests.swift in Sources */,
			);
			runOnlyForDeploymentPostprocessing = 0;
		};
		4C6ECEDA1F45517A005405F0 /* Sources */ = {
			isa = PBXSourcesBuildPhase;
			buildActionMask = 2147483647;
			files = (
				4C6ECEE31F45517A005405F0 /* WaitDisplayViewerUITests.swift in Sources */,
			);
			runOnlyForDeploymentPostprocessing = 0;
		};
/* End PBXSourcesBuildPhase section */

/* Begin PBXTargetDependency section */
		4C6ECED51F45517A005405F0 /* PBXTargetDependency */ = {
			isa = PBXTargetDependency;
			target = 4C6ECEBE1F45517A005405F0 /* WaitDisplayViewer */;
			targetProxy = 4C6ECED41F45517A005405F0 /* PBXContainerItemProxy */;
		};
		4C6ECEE01F45517A005405F0 /* PBXTargetDependency */ = {
			isa = PBXTargetDependency;
			target = 4C6ECEBE1F45517A005405F0 /* WaitDisplayViewer */;
			targetProxy = 4C6ECEDF1F45517A005405F0 /* PBXContainerItemProxy */;
		};
/* End PBXTargetDependency section */

/* Begin PBXVariantGroup section */
		4C6ECEC61F45517A005405F0 /* Main.storyboard */ = {
			isa = PBXVariantGroup;
			children = (
				4C6ECEC71F45517A005405F0 /* Base */,
			);
			name = Main.storyboard;
			sourceTree = "<group>";
		};
		4C6ECECB1F45517A005405F0 /* LaunchScreen.storyboard */ = {
			isa = PBXVariantGroup;
			children = (
				4C6ECECC1F45517A005405F0 /* Base */,
			);
			name = LaunchScreen.storyboard;
			sourceTree = "<group>";
		};
/* End PBXVariantGroup section */

/* Begin XCBuildConfiguration section */
		4C6ECEE51F45517A005405F0 /* Debug */ = {
			isa = XCBuildConfiguration;
			buildSettings = {
				ALWAYS_SEARCH_USER_PATHS = NO;
				CLANG_ANALYZER_NONNULL = YES;
				CLANG_ANALYZER_NUMBER_OBJECT_CONVERSION = YES_AGGRESSIVE;
				CLANG_CXX_LANGUAGE_STANDARD = "gnu++0x";
				CLANG_CXX_LIBRARY = "libc++";
				CLANG_ENABLE_MODULES = YES;
				CLANG_ENABLE_OBJC_ARC = YES;
				CLANG_WARN_BOOL_CONVERSION = YES;
				CLANG_WARN_CONSTANT_CONVERSION = YES;
				CLANG_WARN_DIRECT_OBJC_ISA_USAGE = YES_ERROR;
				CLANG_WARN_DOCUMENTATION_COMMENTS = YES;
				CLANG_WARN_EMPTY_BODY = YES;
				CLANG_WARN_ENUM_CONVERSION = YES;
				CLANG_WARN_INFINITE_RECURSION = YES;
				CLANG_WARN_INT_CONVERSION = YES;
				CLANG_WARN_OBJC_ROOT_CLASS = YES_ERROR;
				CLANG_WARN_SUSPICIOUS_MOVE = YES;
				CLANG_WARN_UNREACHABLE_CODE = YES;
				CLANG_WARN__DUPLICATE_METHOD_MATCH = YES;
				"CODE_SIGN_IDENTITY[sdk=iphoneos*]" = "iPhone Developer";
				COPY_PHASE_STRIP = NO;
				DEBUG_INFORMATION_FORMAT = dwarf;
				ENABLE_STRICT_OBJC_MSGSEND = YES;
				ENABLE_TESTABILITY = YES;
				GCC_C_LANGUAGE_STANDARD = gnu99;
				GCC_DYNAMIC_NO_PIC = NO;
				GCC_NO_COMMON_BLOCKS = YES;
				GCC_OPTIMIZATION_LEVEL = 0;
				GCC_PREPROCESSOR_DEFINITIONS = (
					"DEBUG=1",
					"$(inherited)",
				);
				GCC_WARN_64_TO_32_BIT_CONVERSION = YES;
				GCC_WARN_ABOUT_RETURN_TYPE = YES_ERROR;
				GCC_WARN_UNDECLARED_SELECTOR = YES;
				GCC_WARN_UNINITIALIZED_AUTOS = YES_AGGRESSIVE;
				GCC_WARN_UNUSED_FUNCTION = YES;
				GCC_WARN_UNUSED_VARIABLE = YES;
				IPHONEOS_DEPLOYMENT_TARGET = 9.3;
				MTL_ENABLE_DEBUG_INFO = YES;
				ONLY_ACTIVE_ARCH = YES;
				SDKROOT = iphoneos;
				SWIFT_ACTIVE_COMPILATION_CONDITIONS = DEBUG;
				SWIFT_OPTIMIZATION_LEVEL = "-Onone";
				TARGETED_DEVICE_FAMILY = "1,2";
			};
			name = Debug;
		};
		4C6ECEE61F45517A005405F0 /* Release */ = {
			isa = XCBuildConfiguration;
			buildSettings = {
				ALWAYS_SEARCH_USER_PATHS = NO;
				CLANG_ANALYZER_NONNULL = YES;
				CLANG_ANALYZER_NUMBER_OBJECT_CONVERSION = YES_AGGRESSIVE;
				CLANG_CXX_LANGUAGE_STANDARD = "gnu++0x";
				CLANG_CXX_LIBRARY = "libc++";
				CLANG_ENABLE_MODULES = YES;
				CLANG_ENABLE_OBJC_ARC = YES;
				CLANG_WARN_BOOL_CONVERSION = YES;
				CLANG_WARN_CONSTANT_CONVERSION = YES;
				CLANG_WARN_DIRECT_OBJC_ISA_USAGE = YES_ERROR;
				CLANG_WARN_DOCUMENTATION_COMMENTS = YES;
				CLANG_WARN_EMPTY_BODY = YES;
				CLANG_WARN_ENUM_CONVERSION = YES;
				CLANG_WARN_INFINITE_RECURSION = YES;
				CLANG_WARN_INT_CONVERSION = YES;
				CLANG_WARN_OBJC_ROOT_CLASS = YES_ERROR;
				CLANG_WARN_SUSPICIOUS_MOVE = YES;
				CLANG_WARN_UNREACHABLE_CODE = YES;
				CLANG_WARN__DUPLICATE_METHOD_MATCH = YES;
				"CODE_SIGN_IDENTITY[sdk=iphoneos*]" = "iPhone Developer";
				COPY_PHASE_STRIP = NO;
				DEBUG_INFORMATION_FORMAT = "dwarf-with-dsym";
				ENABLE_NS_ASSERTIONS = NO;
				ENABLE_STRICT_OBJC_MSGSEND = YES;
				GCC_C_LANGUAGE_STANDARD = gnu99;
				GCC_NO_COMMON_BLOCKS = YES;
				GCC_WARN_64_TO_32_BIT_CONVERSION = YES;
				GCC_WARN_ABOUT_RETURN_TYPE = YES_ERROR;
				GCC_WARN_UNDECLARED_SELECTOR = YES;
				GCC_WARN_UNINITIALIZED_AUTOS = YES_AGGRESSIVE;
				GCC_WARN_UNUSED_FUNCTION = YES;
				GCC_WARN_UNUSED_VARIABLE = YES;
				IPHONEOS_DEPLOYMENT_TARGET = 9.3;
				MTL_ENABLE_DEBUG_INFO = NO;
				SDKROOT = iphoneos;
				SWIFT_OPTIMIZATION_LEVEL = "-Owholemodule";
				TARGETED_DEVICE_FAMILY = "1,2";
				VALIDATE_PRODUCT = YES;
			};
			name = Release;
		};
		4C6ECEE81F45517A005405F0 /* Debug */ = {
			isa = XCBuildConfiguration;
			buildSettings = {
				ASSETCATALOG_COMPILER_APPICON_NAME = AppIcon;
				"CODE_SIGN_IDENTITY[sdk=iphoneos*]" = "iPhone Developer";
				CODE_SIGN_STYLE = Automatic;
				DEVELOPMENT_TEAM = ZY953PKE4E;
				INFOPLIST_FILE = WaitDisplayViewer/Info.plist;
				LD_RUNPATH_SEARCH_PATHS = "$(inherited) @executable_path/Frameworks";
				PRODUCT_BUNDLE_IDENTIFIER = org.providence.WaitDisplayViewer;
				PRODUCT_NAME = "$(TARGET_NAME)";
				PROVISIONING_PROFILE_SPECIFIER = "";
				SWIFT_VERSION = 3.0;
			};
			name = Debug;
		};
		4C6ECEE91F45517A005405F0 /* Release */ = {
			isa = XCBuildConfiguration;
			buildSettings = {
				ASSETCATALOG_COMPILER_APPICON_NAME = AppIcon;
				"CODE_SIGN_IDENTITY[sdk=iphoneos*]" = "iPhone Developer";
				CODE_SIGN_STYLE = Automatic;
				DEVELOPMENT_TEAM = ZY953PKE4E;
				INFOPLIST_FILE = WaitDisplayViewer/Info.plist;
				LD_RUNPATH_SEARCH_PATHS = "$(inherited) @executable_path/Frameworks";
				PRODUCT_BUNDLE_IDENTIFIER = org.providence.WaitDisplayViewer;
				PRODUCT_NAME = "$(TARGET_NAME)";
				PROVISIONING_PROFILE_SPECIFIER = "";
				SWIFT_VERSION = 3.0;
			};
			name = Release;
		};
		4C6ECEEB1F45517A005405F0 /* Debug */ = {
			isa = XCBuildConfiguration;
			buildSettings = {
				ALWAYS_EMBED_SWIFT_STANDARD_LIBRARIES = YES;
				BUNDLE_LOADER = "$(TEST_HOST)";
				DEVELOPMENT_TEAM = F7XY5R7QXY;
				INFOPLIST_FILE = WaitDisplayViewerTests/Info.plist;
				LD_RUNPATH_SEARCH_PATHS = "$(inherited) @executable_path/Frameworks @loader_path/Frameworks";
				PRODUCT_BUNDLE_IDENTIFIER = org.providence.WaitDisplayViewerTests;
				PRODUCT_NAME = "$(TARGET_NAME)";
				SWIFT_VERSION = 3.0;
				TEST_HOST = "$(BUILT_PRODUCTS_DIR)/WaitDisplayViewer.app/WaitDisplayViewer";
			};
			name = Debug;
		};
		4C6ECEEC1F45517A005405F0 /* Release */ = {
			isa = XCBuildConfiguration;
			buildSettings = {
				ALWAYS_EMBED_SWIFT_STANDARD_LIBRARIES = YES;
				BUNDLE_LOADER = "$(TEST_HOST)";
				DEVELOPMENT_TEAM = F7XY5R7QXY;
				INFOPLIST_FILE = WaitDisplayViewerTests/Info.plist;
				LD_RUNPATH_SEARCH_PATHS = "$(inherited) @executable_path/Frameworks @loader_path/Frameworks";
				PRODUCT_BUNDLE_IDENTIFIER = org.providence.WaitDisplayViewerTests;
				PRODUCT_NAME = "$(TARGET_NAME)";
				SWIFT_VERSION = 3.0;
				TEST_HOST = "$(BUILT_PRODUCTS_DIR)/WaitDisplayViewer.app/WaitDisplayViewer";
			};
			name = Release;
		};
		4C6ECEEE1F45517A005405F0 /* Debug */ = {
			isa = XCBuildConfiguration;
			buildSettings = {
				ALWAYS_EMBED_SWIFT_STANDARD_LIBRARIES = YES;
				DEVELOPMENT_TEAM = F7XY5R7QXY;
				INFOPLIST_FILE = WaitDisplayViewerUITests/Info.plist;
				LD_RUNPATH_SEARCH_PATHS = "$(inherited) @executable_path/Frameworks @loader_path/Frameworks";
				PRODUCT_BUNDLE_IDENTIFIER = org.providence.WaitDisplayViewerUITests;
				PRODUCT_NAME = "$(TARGET_NAME)";
				SWIFT_VERSION = 3.0;
				TEST_TARGET_NAME = WaitDisplayViewer;
			};
			name = Debug;
		};
		4C6ECEEF1F45517A005405F0 /* Release */ = {
			isa = XCBuildConfiguration;
			buildSettings = {
				ALWAYS_EMBED_SWIFT_STANDARD_LIBRARIES = YES;
				DEVELOPMENT_TEAM = F7XY5R7QXY;
				INFOPLIST_FILE = WaitDisplayViewerUITests/Info.plist;
				LD_RUNPATH_SEARCH_PATHS = "$(inherited) @executable_path/Frameworks @loader_path/Frameworks";
				PRODUCT_BUNDLE_IDENTIFIER = org.providence.WaitDisplayViewerUITests;
				PRODUCT_NAME = "$(TARGET_NAME)";
				SWIFT_VERSION = 3.0;
				TEST_TARGET_NAME = WaitDisplayViewer;
			};
			name = Release;
		};
/* End XCBuildConfiguration section */

/* Begin XCConfigurationList section */
		4C6ECEBA1F45517A005405F0 /* Build configuration list for PBXProject "WaitDisplayViewer" */ = {
			isa = XCConfigurationList;
			buildConfigurations = (
				4C6ECEE51F45517A005405F0 /* Debug */,
				4C6ECEE61F45517A005405F0 /* Release */,
			);
			defaultConfigurationIsVisible = 0;
			defaultConfigurationName = Release;
		};
		4C6ECEE71F45517A005405F0 /* Build configuration list for PBXNativeTarget "WaitDisplayViewer" */ = {
			isa = XCConfigurationList;
			buildConfigurations = (
				4C6ECEE81F45517A005405F0 /* Debug */,
				4C6ECEE91F45517A005405F0 /* Release */,
			);
			defaultConfigurationIsVisible = 0;
			defaultConfigurationName = Release;
		};
		4C6ECEEA1F45517A005405F0 /* Build configuration list for PBXNativeTarget "WaitDisplayViewerTests" */ = {
			isa = XCConfigurationList;
			buildConfigurations = (
				4C6ECEEB1F45517A005405F0 /* Debug */,
				4C6ECEEC1F45517A005405F0 /* Release */,
			);
			defaultConfigurationIsVisible = 0;
			defaultConfigurationName = Release;
		};
		4C6ECEED1F45517A005405F0 /* Build configuration list for PBXNativeTarget "WaitDisplayViewerUITests" */ = {
			isa = XCConfigurationList;
			buildConfigurations = (
				4C6ECEEE1F45517A005405F0 /* Debug */,
				4C6ECEEF1F45517A005405F0 /* Release */,
			);
			defaultConfigurationIsVisible = 0;
			defaultConfigurationName = Release;
		};
/* End XCConfigurationList section */
	};
	rootObject = 4C6ECEB71F45517A005405F0 /* Project object */;
}
