// !$*UTF8*$!
{
	archiveVersion = 1;
	classes = {
	};
	objectVersion = 46;
	objects = {

/* Begin PBXBuildFile section */
		4C63CE411F3BA43D0056722A /* AppDelegate.swift in Sources */ = {isa = PBXBuildFile; fileRef = 4C63CE401F3BA43D0056722A /* AppDelegate.swift */; };
		4C63CE431F3BA43D0056722A /* FirstViewController.swift in Sources */ = {isa = PBXBuildFile; fileRef = 4C63CE421F3BA43D0056722A /* FirstViewController.swift */; };
		4C63CE481F3BA43D0056722A /* Main.storyboard in Resources */ = {isa = PBXBuildFile; fileRef = 4C63CE461F3BA43D0056722A /* Main.storyboard */; };
		4C63CE4A1F3BA43D0056722A /* Assets.xcassets in Resources */ = {isa = PBXBuildFile; fileRef = 4C63CE491F3BA43D0056722A /* Assets.xcassets */; };
		4C63CE4D1F3BA43D0056722A /* LaunchScreen.storyboard in Resources */ = {isa = PBXBuildFile; fileRef = 4C63CE4B1F3BA43D0056722A /* LaunchScreen.storyboard */; };
		4C63CE581F3BA43D0056722A /* OsirisTests.swift in Sources */ = {isa = PBXBuildFile; fileRef = 4C63CE571F3BA43D0056722A /* OsirisTests.swift */; };
		4C63CE631F3BA43D0056722A /* OsirisUITests.swift in Sources */ = {isa = PBXBuildFile; fileRef = 4C63CE621F3BA43D0056722A /* OsirisUITests.swift */; };
		4C63CE711F3BA6500056722A /* GoogleService-Info.plist in Resources */ = {isa = PBXBuildFile; fileRef = 4C63CE701F3BA6500056722A /* GoogleService-Info.plist */; };
		4C63CE731F3BAAF50056722A /* OsirisService.swift in Sources */ = {isa = PBXBuildFile; fileRef = 4C63CE721F3BAAF50056722A /* OsirisService.swift */; };
		4C63CE751F3D360F0056722A /* OsirisModel.swift in Sources */ = {isa = PBXBuildFile; fileRef = 4C63CE741F3D360F0056722A /* OsirisModel.swift */; };
		4C63CE761F3D360F0056722A /* OsirisModel.swift in Sources */ = {isa = PBXBuildFile; fileRef = 4C63CE741F3D360F0056722A /* OsirisModel.swift */; };
		4C63CE871F3D84C30056722A /* AvailabilityView.swift in Sources */ = {isa = PBXBuildFile; fileRef = 4C63CE861F3D84C30056722A /* AvailabilityView.swift */; };
		4C63CE881F3D84C30056722A /* AvailabilityView.swift in Sources */ = {isa = PBXBuildFile; fileRef = 4C63CE861F3D84C30056722A /* AvailabilityView.swift */; };
		4C63CE891F3D84E00056722A /* FirstViewController.swift in Sources */ = {isa = PBXBuildFile; fileRef = 4C63CE421F3BA43D0056722A /* FirstViewController.swift */; };
		4C63CE8C1F3D88700056722A /* Roboto-Medium.ttf in Resources */ = {isa = PBXBuildFile; fileRef = 4C63CE8A1F3D88700056722A /* Roboto-Medium.ttf */; };
		4C63CE8D1F3D88700056722A /* Roboto-Medium.ttf in Resources */ = {isa = PBXBuildFile; fileRef = 4C63CE8A1F3D88700056722A /* Roboto-Medium.ttf */; };
		4C63CE8E1F3D88700056722A /* Roboto-Regular.ttf in Resources */ = {isa = PBXBuildFile; fileRef = 4C63CE8B1F3D88700056722A /* Roboto-Regular.ttf */; };
		4C63CE8F1F3D88700056722A /* Roboto-Regular.ttf in Resources */ = {isa = PBXBuildFile; fileRef = 4C63CE8B1F3D88700056722A /* Roboto-Regular.ttf */; };
		4CF4FC9B1F3DE664003FB089 /* InsuranceCollectionViewCell.swift in Sources */ = {isa = PBXBuildFile; fileRef = 4CF4FC991F3DE664003FB089 /* InsuranceCollectionViewCell.swift */; };
		4CF4FC9C1F3DE664003FB089 /* InsuranceCollectionViewCell.swift in Sources */ = {isa = PBXBuildFile; fileRef = 4CF4FC991F3DE664003FB089 /* InsuranceCollectionViewCell.swift */; };
		4CF4FC9D1F3DE664003FB089 /* InsuranceCollectionViewCell.xib in Resources */ = {isa = PBXBuildFile; fileRef = 4CF4FC9A1F3DE664003FB089 /* InsuranceCollectionViewCell.xib */; };
		4CF4FC9E1F3DE664003FB089 /* InsuranceCollectionViewCell.xib in Resources */ = {isa = PBXBuildFile; fileRef = 4CF4FC9A1F3DE664003FB089 /* InsuranceCollectionViewCell.xib */; };
		7F9964DCBE448DBA213F64DE /* Pods_CareIQ.framework in Frameworks */ = {isa = PBXBuildFile; fileRef = 9B75A250C542BA3530AC55F5 /* Pods_CareIQ.framework */; };
/* End PBXBuildFile section */

/* Begin PBXContainerItemProxy section */
		4C63CE541F3BA43D0056722A /* PBXContainerItemProxy */ = {
			isa = PBXContainerItemProxy;
			containerPortal = 4C63CE351F3BA43D0056722A /* Project object */;
			proxyType = 1;
			remoteGlobalIDString = 4C63CE3C1F3BA43D0056722A;
			remoteInfo = Osiris;
		};
		4C63CE5F1F3BA43D0056722A /* PBXContainerItemProxy */ = {
			isa = PBXContainerItemProxy;
			containerPortal = 4C63CE351F3BA43D0056722A /* Project object */;
			proxyType = 1;
			remoteGlobalIDString = 4C63CE3C1F3BA43D0056722A;
			remoteInfo = Osiris;
		};
/* End PBXContainerItemProxy section */

/* Begin PBXFileReference section */
		04EDD707533720E9D792B451 /* Pods-CareIQ.debug.xcconfig */ = {isa = PBXFileReference; includeInIndex = 1; lastKnownFileType = text.xcconfig; name = "Pods-CareIQ.debug.xcconfig"; path = "Pods/Target Support Files/Pods-CareIQ/Pods-CareIQ.debug.xcconfig"; sourceTree = "<group>"; };
		4C63CE3D1F3BA43D0056722A /* CareIQ.app */ = {isa = PBXFileReference; explicitFileType = wrapper.application; includeInIndex = 0; path = CareIQ.app; sourceTree = BUILT_PRODUCTS_DIR; };
		4C63CE401F3BA43D0056722A /* AppDelegate.swift */ = {isa = PBXFileReference; lastKnownFileType = sourcecode.swift; path = AppDelegate.swift; sourceTree = "<group>"; };
		4C63CE421F3BA43D0056722A /* FirstViewController.swift */ = {isa = PBXFileReference; lastKnownFileType = sourcecode.swift; path = FirstViewController.swift; sourceTree = "<group>"; };
		4C63CE471F3BA43D0056722A /* Base */ = {isa = PBXFileReference; lastKnownFileType = file.storyboard; name = Base; path = Base.lproj/Main.storyboard; sourceTree = "<group>"; };
		4C63CE491F3BA43D0056722A /* Assets.xcassets */ = {isa = PBXFileReference; lastKnownFileType = folder.assetcatalog; name = Assets.xcassets; path = Osiris/Assets.xcassets; sourceTree = "<group>"; };
		4C63CE4C1F3BA43D0056722A /* Base */ = {isa = PBXFileReference; lastKnownFileType = file.storyboard; name = Base; path = Base.lproj/LaunchScreen.storyboard; sourceTree = "<group>"; };
		4C63CE4E1F3BA43D0056722A /* Info.plist */ = {isa = PBXFileReference; lastKnownFileType = text.plist.xml; path = Info.plist; sourceTree = "<group>"; };
		4C63CE531F3BA43D0056722A /* OsirisTests.xctest */ = {isa = PBXFileReference; explicitFileType = wrapper.cfbundle; includeInIndex = 0; path = OsirisTests.xctest; sourceTree = BUILT_PRODUCTS_DIR; };
		4C63CE571F3BA43D0056722A /* OsirisTests.swift */ = {isa = PBXFileReference; lastKnownFileType = sourcecode.swift; path = OsirisTests.swift; sourceTree = "<group>"; };
		4C63CE591F3BA43D0056722A /* Info.plist */ = {isa = PBXFileReference; lastKnownFileType = text.plist.xml; path = Info.plist; sourceTree = "<group>"; };
		4C63CE5E1F3BA43D0056722A /* OsirisUITests.xctest */ = {isa = PBXFileReference; explicitFileType = wrapper.cfbundle; includeInIndex = 0; path = OsirisUITests.xctest; sourceTree = BUILT_PRODUCTS_DIR; };
		4C63CE621F3BA43D0056722A /* OsirisUITests.swift */ = {isa = PBXFileReference; lastKnownFileType = sourcecode.swift; path = OsirisUITests.swift; sourceTree = "<group>"; };
		4C63CE641F3BA43D0056722A /* Info.plist */ = {isa = PBXFileReference; lastKnownFileType = text.plist.xml; path = Info.plist; sourceTree = "<group>"; };
		4C63CE701F3BA6500056722A /* GoogleService-Info.plist */ = {isa = PBXFileReference; fileEncoding = 4; lastKnownFileType = text.plist.xml; path = "GoogleService-Info.plist"; sourceTree = SOURCE_ROOT; };
		4C63CE721F3BAAF50056722A /* OsirisService.swift */ = {isa = PBXFileReference; fileEncoding = 4; lastKnownFileType = sourcecode.swift; path = OsirisService.swift; sourceTree = "<group>"; };
		4C63CE741F3D360F0056722A /* OsirisModel.swift */ = {isa = PBXFileReference; fileEncoding = 4; lastKnownFileType = sourcecode.swift; path = OsirisModel.swift; sourceTree = "<group>"; };
		4C63CE861F3D84C30056722A /* AvailabilityView.swift */ = {isa = PBXFileReference; fileEncoding = 4; lastKnownFileType = sourcecode.swift; path = AvailabilityView.swift; sourceTree = "<group>"; };
		4C63CE8A1F3D88700056722A /* Roboto-Medium.ttf */ = {isa = PBXFileReference; lastKnownFileType = file; path = "Roboto-Medium.ttf"; sourceTree = "<group>"; };
		4C63CE8B1F3D88700056722A /* Roboto-Regular.ttf */ = {isa = PBXFileReference; lastKnownFileType = file; path = "Roboto-Regular.ttf"; sourceTree = "<group>"; };
		4CF4FC991F3DE664003FB089 /* InsuranceCollectionViewCell.swift */ = {isa = PBXFileReference; fileEncoding = 4; lastKnownFileType = sourcecode.swift; path = InsuranceCollectionViewCell.swift; sourceTree = "<group>"; };
		4CF4FC9A1F3DE664003FB089 /* InsuranceCollectionViewCell.xib */ = {isa = PBXFileReference; fileEncoding = 4; lastKnownFileType = file.xib; path = InsuranceCollectionViewCell.xib; sourceTree = "<group>"; };
		7F3FBCE14BE344BC4B39081F /* Pods_Osiris.framework */ = {isa = PBXFileReference; explicitFileType = wrapper.framework; includeInIndex = 0; path = Pods_Osiris.framework; sourceTree = BUILT_PRODUCTS_DIR; };
		9B75A250C542BA3530AC55F5 /* Pods_CareIQ.framework */ = {isa = PBXFileReference; explicitFileType = wrapper.framework; includeInIndex = 0; path = Pods_CareIQ.framework; sourceTree = BUILT_PRODUCTS_DIR; };
		A711BF28C3BD40140BD1F7A2 /* Pods-CareIQ.release.xcconfig */ = {isa = PBXFileReference; includeInIndex = 1; lastKnownFileType = text.xcconfig; name = "Pods-CareIQ.release.xcconfig"; path = "Pods/Target Support Files/Pods-CareIQ/Pods-CareIQ.release.xcconfig"; sourceTree = "<group>"; };
/* End PBXFileReference section */

/* Begin PBXFrameworksBuildPhase section */
		4C63CE3A1F3BA43D0056722A /* Frameworks */ = {
			isa = PBXFrameworksBuildPhase;
			buildActionMask = 2147483647;
			files = (
				7F9964DCBE448DBA213F64DE /* Pods_CareIQ.framework in Frameworks */,
			);
			runOnlyForDeploymentPostprocessing = 0;
		};
		4C63CE501F3BA43D0056722A /* Frameworks */ = {
			isa = PBXFrameworksBuildPhase;
			buildActionMask = 2147483647;
			files = (
			);
			runOnlyForDeploymentPostprocessing = 0;
		};
		4C63CE5B1F3BA43D0056722A /* Frameworks */ = {
			isa = PBXFrameworksBuildPhase;
			buildActionMask = 2147483647;
			files = (
			);
			runOnlyForDeploymentPostprocessing = 0;
		};
/* End PBXFrameworksBuildPhase section */

/* Begin PBXGroup section */
		4C0FDFEA337A6144F5408362 /* Frameworks */ = {
			isa = PBXGroup;
			children = (
				7F3FBCE14BE344BC4B39081F /* Pods_Osiris.framework */,
				9B75A250C542BA3530AC55F5 /* Pods_CareIQ.framework */,
			);
			name = Frameworks;
			sourceTree = "<group>";
		};
		4C63CE341F3BA43D0056722A = {
			isa = PBXGroup;
			children = (
				4C63CE3F1F3BA43D0056722A /* Osiris */,
				4C63CE561F3BA43D0056722A /* OsirisTests */,
				4C63CE611F3BA43D0056722A /* OsirisUITests */,
				4C63CE491F3BA43D0056722A /* Assets.xcassets */,
				4C63CE3E1F3BA43D0056722A /* Products */,
				DBBBC24CE795D5B3FCEC7CF4 /* Pods */,
				4C0FDFEA337A6144F5408362 /* Frameworks */,
			);
			sourceTree = "<group>";
		};
		4C63CE3E1F3BA43D0056722A /* Products */ = {
			isa = PBXGroup;
			children = (
				4C63CE3D1F3BA43D0056722A /* CareIQ.app */,
				4C63CE531F3BA43D0056722A /* OsirisTests.xctest */,
				4C63CE5E1F3BA43D0056722A /* OsirisUITests.xctest */,
			);
			name = Products;
			sourceTree = "<group>";
		};
		4C63CE3F1F3BA43D0056722A /* Osiris */ = {
			isa = PBXGroup;
			children = (
				4C63CE701F3BA6500056722A /* GoogleService-Info.plist */,
				4C63CE401F3BA43D0056722A /* AppDelegate.swift */,
				4C63CE421F3BA43D0056722A /* FirstViewController.swift */,
				4CF4FC991F3DE664003FB089 /* InsuranceCollectionViewCell.swift */,
				4CF4FC9A1F3DE664003FB089 /* InsuranceCollectionViewCell.xib */,
				4C63CE741F3D360F0056722A /* OsirisModel.swift */,
				4C63CE721F3BAAF50056722A /* OsirisService.swift */,
				4C63CE461F3BA43D0056722A /* Main.storyboard */,
				4C63CE4B1F3BA43D0056722A /* LaunchScreen.storyboard */,
				4C63CE4E1F3BA43D0056722A /* Info.plist */,
				4C63CE861F3D84C30056722A /* AvailabilityView.swift */,
				4C63CE901F3D89530056722A /* Fonts */,
			);
			path = Osiris;
			sourceTree = "<group>";
		};
		4C63CE561F3BA43D0056722A /* OsirisTests */ = {
			isa = PBXGroup;
			children = (
				4C63CE571F3BA43D0056722A /* OsirisTests.swift */,
				4C63CE591F3BA43D0056722A /* Info.plist */,
			);
			path = OsirisTests;
			sourceTree = "<group>";
		};
		4C63CE611F3BA43D0056722A /* OsirisUITests */ = {
			isa = PBXGroup;
			children = (
				4C63CE621F3BA43D0056722A /* OsirisUITests.swift */,
				4C63CE641F3BA43D0056722A /* Info.plist */,
			);
			path = OsirisUITests;
			sourceTree = "<group>";
		};
		4C63CE901F3D89530056722A /* Fonts */ = {
			isa = PBXGroup;
			children = (
				4C63CE8A1F3D88700056722A /* Roboto-Medium.ttf */,
				4C63CE8B1F3D88700056722A /* Roboto-Regular.ttf */,
			);
			name = Fonts;
			sourceTree = "<group>";
		};
		DBBBC24CE795D5B3FCEC7CF4 /* Pods */ = {
			isa = PBXGroup;
			children = (
				04EDD707533720E9D792B451 /* Pods-CareIQ.debug.xcconfig */,
				A711BF28C3BD40140BD1F7A2 /* Pods-CareIQ.release.xcconfig */,
			);
			name = Pods;
			sourceTree = "<group>";
		};
/* End PBXGroup section */

/* Begin PBXNativeTarget section */
		4C63CE3C1F3BA43D0056722A /* CareIQ */ = {
			isa = PBXNativeTarget;
			buildConfigurationList = 4C63CE671F3BA43D0056722A /* Build configuration list for PBXNativeTarget "CareIQ" */;
			buildPhases = (
				1C4EC2FF85D7A9A1A5C1ECC1 /* [CP] Check Pods Manifest.lock */,
				4C63CE391F3BA43D0056722A /* Sources */,
				4C63CE3A1F3BA43D0056722A /* Frameworks */,
				4C63CE3B1F3BA43D0056722A /* Resources */,
				E56C9F05769C7A3FAF35EAFE /* [CP] Embed Pods Frameworks */,
				BACBE019CF1E9C7F60DB2854 /* [CP] Copy Pods Resources */,
			);
			buildRules = (
			);
			dependencies = (
			);
			name = CareIQ;
			productName = Osiris;
			productReference = 4C63CE3D1F3BA43D0056722A /* CareIQ.app */;
			productType = "com.apple.product-type.application";
		};
		4C63CE521F3BA43D0056722A /* OsirisTests */ = {
			isa = PBXNativeTarget;
			buildConfigurationList = 4C63CE6A1F3BA43D0056722A /* Build configuration list for PBXNativeTarget "OsirisTests" */;
			buildPhases = (
				4C63CE4F1F3BA43D0056722A /* Sources */,
				4C63CE501F3BA43D0056722A /* Frameworks */,
				4C63CE511F3BA43D0056722A /* Resources */,
			);
			buildRules = (
			);
			dependencies = (
				4C63CE551F3BA43D0056722A /* PBXTargetDependency */,
			);
			name = OsirisTests;
			productName = OsirisTests;
			productReference = 4C63CE531F3BA43D0056722A /* OsirisTests.xctest */;
			productType = "com.apple.product-type.bundle.unit-test";
		};
		4C63CE5D1F3BA43D0056722A /* OsirisUITests */ = {
			isa = PBXNativeTarget;
			buildConfigurationList = 4C63CE6D1F3BA43D0056722A /* Build configuration list for PBXNativeTarget "OsirisUITests" */;
			buildPhases = (
				4C63CE5A1F3BA43D0056722A /* Sources */,
				4C63CE5B1F3BA43D0056722A /* Frameworks */,
				4C63CE5C1F3BA43D0056722A /* Resources */,
			);
			buildRules = (
			);
			dependencies = (
				4C63CE601F3BA43D0056722A /* PBXTargetDependency */,
			);
			name = OsirisUITests;
			productName = OsirisUITests;
			productReference = 4C63CE5E1F3BA43D0056722A /* OsirisUITests.xctest */;
			productType = "com.apple.product-type.bundle.ui-testing";
		};
/* End PBXNativeTarget section */

/* Begin PBXProject section */
		4C63CE351F3BA43D0056722A /* Project object */ = {
			isa = PBXProject;
			attributes = {
				LastSwiftUpdateCheck = 0830;
				LastUpgradeCheck = 0830;
				ORGANIZATIONNAME = Barry;
				TargetAttributes = {
					4C63CE3C1F3BA43D0056722A = {
						CreatedOnToolsVersion = 8.3.3;
						DevelopmentTeam = F7XY5R7QXY;
						ProvisioningStyle = Automatic;
					};
					4C63CE521F3BA43D0056722A = {
						CreatedOnToolsVersion = 8.3.3;
						DevelopmentTeam = F7XY5R7QXY;
						ProvisioningStyle = Automatic;
						TestTargetID = 4C63CE3C1F3BA43D0056722A;
					};
					4C63CE5D1F3BA43D0056722A = {
						CreatedOnToolsVersion = 8.3.3;
						DevelopmentTeam = F7XY5R7QXY;
						ProvisioningStyle = Automatic;
						TestTargetID = 4C63CE3C1F3BA43D0056722A;
					};
				};
			};
			buildConfigurationList = 4C63CE381F3BA43D0056722A /* Build configuration list for PBXProject "Osiris" */;
			compatibilityVersion = "Xcode 3.2";
			developmentRegion = English;
			hasScannedForEncodings = 0;
			knownRegions = (
				en,
				Base,
			);
			mainGroup = 4C63CE341F3BA43D0056722A;
			productRefGroup = 4C63CE3E1F3BA43D0056722A /* Products */;
			projectDirPath = "";
			projectRoot = "";
			targets = (
				4C63CE3C1F3BA43D0056722A /* CareIQ */,
				4C63CE521F3BA43D0056722A /* OsirisTests */,
				4C63CE5D1F3BA43D0056722A /* OsirisUITests */,
			);
		};
/* End PBXProject section */

/* Begin PBXResourcesBuildPhase section */
		4C63CE3B1F3BA43D0056722A /* Resources */ = {
			isa = PBXResourcesBuildPhase;
			buildActionMask = 2147483647;
			files = (
				4C63CE8E1F3D88700056722A /* Roboto-Regular.ttf in Resources */,
				4C63CE8C1F3D88700056722A /* Roboto-Medium.ttf in Resources */,
				4C63CE4D1F3BA43D0056722A /* LaunchScreen.storyboard in Resources */,
				4CF4FC9D1F3DE664003FB089 /* InsuranceCollectionViewCell.xib in Resources */,
				4C63CE711F3BA6500056722A /* GoogleService-Info.plist in Resources */,
				4C63CE4A1F3BA43D0056722A /* Assets.xcassets in Resources */,
				4C63CE481F3BA43D0056722A /* Main.storyboard in Resources */,
			);
			runOnlyForDeploymentPostprocessing = 0;
		};
		4C63CE511F3BA43D0056722A /* Resources */ = {
			isa = PBXResourcesBuildPhase;
			buildActionMask = 2147483647;
			files = (
				4C63CE8F1F3D88700056722A /* Roboto-Regular.ttf in Resources */,
				4CF4FC9E1F3DE664003FB089 /* InsuranceCollectionViewCell.xib in Resources */,
				4C63CE8D1F3D88700056722A /* Roboto-Medium.ttf in Resources */,
			);
			runOnlyForDeploymentPostprocessing = 0;
		};
		4C63CE5C1F3BA43D0056722A /* Resources */ = {
			isa = PBXResourcesBuildPhase;
			buildActionMask = 2147483647;
			files = (
			);
			runOnlyForDeploymentPostprocessing = 0;
		};
/* End PBXResourcesBuildPhase section */

/* Begin PBXShellScriptBuildPhase section */
		1C4EC2FF85D7A9A1A5C1ECC1 /* [CP] Check Pods Manifest.lock */ = {
			isa = PBXShellScriptBuildPhase;
			buildActionMask = 2147483647;
			files = (
			);
			inputPaths = (
				"${PODS_PODFILE_DIR_PATH}/Podfile.lock",
				"${PODS_ROOT}/Manifest.lock",
			);
			name = "[CP] Check Pods Manifest.lock";
			outputPaths = (
				"$(DERIVED_FILE_DIR)/Pods-CareIQ-checkManifestLockResult.txt",
			);
			runOnlyForDeploymentPostprocessing = 0;
			shellPath = /bin/sh;
			shellScript = "diff \"${PODS_PODFILE_DIR_PATH}/Podfile.lock\" \"${PODS_ROOT}/Manifest.lock\" > /dev/null\nif [ $? != 0 ] ; then\n    # print error to STDERR\n    echo \"error: The sandbox is not in sync with the Podfile.lock. Run 'pod install' or update your CocoaPods installation.\" >&2\n    exit 1\nfi\n# This output is used by Xcode 'outputs' to avoid re-running this script phase.\necho \"SUCCESS\" > \"${SCRIPT_OUTPUT_FILE_0}\"\n";
			showEnvVarsInLog = 0;
		};
		BACBE019CF1E9C7F60DB2854 /* [CP] Copy Pods Resources */ = {
			isa = PBXShellScriptBuildPhase;
			buildActionMask = 2147483647;
			files = (
			);
			inputPaths = (
			);
			name = "[CP] Copy Pods Resources";
			outputPaths = (
			);
			runOnlyForDeploymentPostprocessing = 0;
			shellPath = /bin/sh;
			shellScript = "\"${SRCROOT}/Pods/Target Support Files/Pods-CareIQ/Pods-CareIQ-resources.sh\"\n";
			showEnvVarsInLog = 0;
		};
		E56C9F05769C7A3FAF35EAFE /* [CP] Embed Pods Frameworks */ = {
			isa = PBXShellScriptBuildPhase;
			buildActionMask = 2147483647;
			files = (
			);
			inputPaths = (
				"${SRCROOT}/Pods/Target Support Files/Pods-CareIQ/Pods-CareIQ-frameworks.sh",
				"${BUILT_PRODUCTS_DIR}/GoogleToolboxForMac/GoogleToolboxForMac.framework",
				"${BUILT_PRODUCTS_DIR}/nanopb/nanopb.framework",
			);
			name = "[CP] Embed Pods Frameworks";
			outputPaths = (
				"${TARGET_BUILD_DIR}/${FRAMEWORKS_FOLDER_PATH}/GoogleToolboxForMac.framework",
				"${TARGET_BUILD_DIR}/${FRAMEWORKS_FOLDER_PATH}/nanopb.framework",
			);
			runOnlyForDeploymentPostprocessing = 0;
			shellPath = /bin/sh;
			shellScript = "\"${SRCROOT}/Pods/Target Support Files/Pods-CareIQ/Pods-CareIQ-frameworks.sh\"\n";
			showEnvVarsInLog = 0;
		};
/* End PBXShellScriptBuildPhase section */

/* Begin PBXSourcesBuildPhase section */
		4C63CE391F3BA43D0056722A /* Sources */ = {
			isa = PBXSourcesBuildPhase;
			buildActionMask = 2147483647;
			files = (
				4C63CE731F3BAAF50056722A /* OsirisService.swift in Sources */,
				4C63CE411F3BA43D0056722A /* AppDelegate.swift in Sources */,
				4C63CE431F3BA43D0056722A /* FirstViewController.swift in Sources */,
				4C63CE871F3D84C30056722A /* AvailabilityView.swift in Sources */,
				4C63CE751F3D360F0056722A /* OsirisModel.swift in Sources */,
				4CF4FC9B1F3DE664003FB089 /* InsuranceCollectionViewCell.swift in Sources */,
			);
			runOnlyForDeploymentPostprocessing = 0;
		};
		4C63CE4F1F3BA43D0056722A /* Sources */ = {
			isa = PBXSourcesBuildPhase;
			buildActionMask = 2147483647;
			files = (
				4C63CE881F3D84C30056722A /* AvailabilityView.swift in Sources */,
				4C63CE761F3D360F0056722A /* OsirisModel.swift in Sources */,
				4CF4FC9C1F3DE664003FB089 /* InsuranceCollectionViewCell.swift in Sources */,
				4C63CE581F3BA43D0056722A /* OsirisTests.swift in Sources */,
				4C63CE891F3D84E00056722A /* FirstViewController.swift in Sources */,
			);
			runOnlyForDeploymentPostprocessing = 0;
		};
		4C63CE5A1F3BA43D0056722A /* Sources */ = {
			isa = PBXSourcesBuildPhase;
			buildActionMask = 2147483647;
			files = (
				4C63CE631F3BA43D0056722A /* OsirisUITests.swift in Sources */,
			);
			runOnlyForDeploymentPostprocessing = 0;
		};
/* End PBXSourcesBuildPhase section */

/* Begin PBXTargetDependency section */
		4C63CE551F3BA43D0056722A /* PBXTargetDependency */ = {
			isa = PBXTargetDependency;
			target = 4C63CE3C1F3BA43D0056722A /* CareIQ */;
			targetProxy = 4C63CE541F3BA43D0056722A /* PBXContainerItemProxy */;
		};
		4C63CE601F3BA43D0056722A /* PBXTargetDependency */ = {
			isa = PBXTargetDependency;
			target = 4C63CE3C1F3BA43D0056722A /* CareIQ */;
			targetProxy = 4C63CE5F1F3BA43D0056722A /* PBXContainerItemProxy */;
		};
/* End PBXTargetDependency section */

/* Begin PBXVariantGroup section */
		4C63CE461F3BA43D0056722A /* Main.storyboard */ = {
			isa = PBXVariantGroup;
			children = (
				4C63CE471F3BA43D0056722A /* Base */,
			);
			name = Main.storyboard;
			sourceTree = "<group>";
		};
		4C63CE4B1F3BA43D0056722A /* LaunchScreen.storyboard */ = {
			isa = PBXVariantGroup;
			children = (
				4C63CE4C1F3BA43D0056722A /* Base */,
			);
			name = LaunchScreen.storyboard;
			sourceTree = "<group>";
		};
/* End PBXVariantGroup section */

/* Begin XCBuildConfiguration section */
		4C63CE651F3BA43D0056722A /* Debug */ = {
			isa = XCBuildConfiguration;
			buildSettings = {
				ALWAYS_SEARCH_USER_PATHS = NO;
				CLANG_ANALYZER_NONNULL = YES;
				CLANG_ANALYZER_NUMBER_OBJECT_CONVERSION = YES_AGGRESSIVE;
				CLANG_CXX_LANGUAGE_STANDARD = "gnu++0x";
				CLANG_CXX_LIBRARY = "libc++";
				CLANG_ENABLE_MODULES = YES;
				CLANG_ENABLE_OBJC_ARC = YES;
				CLANG_WARN_BOOL_CONVERSION = YES;
				CLANG_WARN_CONSTANT_CONVERSION = YES;
				CLANG_WARN_DIRECT_OBJC_ISA_USAGE = YES_ERROR;
				CLANG_WARN_DOCUMENTATION_COMMENTS = YES;
				CLANG_WARN_EMPTY_BODY = YES;
				CLANG_WARN_ENUM_CONVERSION = YES;
				CLANG_WARN_INFINITE_RECURSION = YES;
				CLANG_WARN_INT_CONVERSION = YES;
				CLANG_WARN_OBJC_ROOT_CLASS = YES_ERROR;
				CLANG_WARN_SUSPICIOUS_MOVE = YES;
				CLANG_WARN_UNREACHABLE_CODE = YES;
				CLANG_WARN__DUPLICATE_METHOD_MATCH = YES;
				"CODE_SIGN_IDENTITY[sdk=iphoneos*]" = "iPhone Developer";
				COPY_PHASE_STRIP = NO;
				DEBUG_INFORMATION_FORMAT = dwarf;
				ENABLE_STRICT_OBJC_MSGSEND = YES;
				ENABLE_TESTABILITY = YES;
				GCC_C_LANGUAGE_STANDARD = gnu99;
				GCC_DYNAMIC_NO_PIC = NO;
				GCC_NO_COMMON_BLOCKS = YES;
				GCC_OPTIMIZATION_LEVEL = 0;
				GCC_PREPROCESSOR_DEFINITIONS = (
					"DEBUG=1",
					"$(inherited)",
				);
				GCC_WARN_64_TO_32_BIT_CONVERSION = YES;
				GCC_WARN_ABOUT_RETURN_TYPE = YES_ERROR;
				GCC_WARN_UNDECLARED_SELECTOR = YES;
				GCC_WARN_UNINITIALIZED_AUTOS = YES_AGGRESSIVE;
				GCC_WARN_UNUSED_FUNCTION = YES;
				GCC_WARN_UNUSED_VARIABLE = YES;
				IPHONEOS_DEPLOYMENT_TARGET = 10.3;
				MTL_ENABLE_DEBUG_INFO = YES;
				ONLY_ACTIVE_ARCH = YES;
				SDKROOT = iphoneos;
				SWIFT_ACTIVE_COMPILATION_CONDITIONS = DEBUG;
				SWIFT_OPTIMIZATION_LEVEL = "-Onone";
				TARGETED_DEVICE_FAMILY = "1,2";
			};
			name = Debug;
		};
		4C63CE661F3BA43D0056722A /* Release */ = {
			isa = XCBuildConfiguration;
			buildSettings = {
				ALWAYS_SEARCH_USER_PATHS = NO;
				CLANG_ANALYZER_NONNULL = YES;
				CLANG_ANALYZER_NUMBER_OBJECT_CONVERSION = YES_AGGRESSIVE;
				CLANG_CXX_LANGUAGE_STANDARD = "gnu++0x";
				CLANG_CXX_LIBRARY = "libc++";
				CLANG_ENABLE_MODULES = YES;
				CLANG_ENABLE_OBJC_ARC = YES;
				CLANG_WARN_BOOL_CONVERSION = YES;
				CLANG_WARN_CONSTANT_CONVERSION = YES;
				CLANG_WARN_DIRECT_OBJC_ISA_USAGE = YES_ERROR;
				CLANG_WARN_DOCUMENTATION_COMMENTS = YES;
				CLANG_WARN_EMPTY_BODY = YES;
				CLANG_WARN_ENUM_CONVERSION = YES;
				CLANG_WARN_INFINITE_RECURSION = YES;
				CLANG_WARN_INT_CONVERSION = YES;
				CLANG_WARN_OBJC_ROOT_CLASS = YES_ERROR;
				CLANG_WARN_SUSPICIOUS_MOVE = YES;
				CLANG_WARN_UNREACHABLE_CODE = YES;
				CLANG_WARN__DUPLICATE_METHOD_MATCH = YES;
				"CODE_SIGN_IDENTITY[sdk=iphoneos*]" = "iPhone Developer";
				COPY_PHASE_STRIP = NO;
				DEBUG_INFORMATION_FORMAT = "dwarf-with-dsym";
				ENABLE_NS_ASSERTIONS = NO;
				ENABLE_STRICT_OBJC_MSGSEND = YES;
				GCC_C_LANGUAGE_STANDARD = gnu99;
				GCC_NO_COMMON_BLOCKS = YES;
				GCC_WARN_64_TO_32_BIT_CONVERSION = YES;
				GCC_WARN_ABOUT_RETURN_TYPE = YES_ERROR;
				GCC_WARN_UNDECLARED_SELECTOR = YES;
				GCC_WARN_UNINITIALIZED_AUTOS = YES_AGGRESSIVE;
				GCC_WARN_UNUSED_FUNCTION = YES;
				GCC_WARN_UNUSED_VARIABLE = YES;
				IPHONEOS_DEPLOYMENT_TARGET = 10.3;
				MTL_ENABLE_DEBUG_INFO = NO;
				SDKROOT = iphoneos;
				SWIFT_OPTIMIZATION_LEVEL = "-Owholemodule";
				TARGETED_DEVICE_FAMILY = "1,2";
				VALIDATE_PRODUCT = YES;
			};
			name = Release;
		};
		4C63CE681F3BA43D0056722A /* Debug */ = {
			isa = XCBuildConfiguration;
			baseConfigurationReference = 04EDD707533720E9D792B451 /* Pods-CareIQ.debug.xcconfig */;
			buildSettings = {
				ASSETCATALOG_COMPILER_APPICON_NAME = AppIcon;
				DEVELOPMENT_TEAM = F7XY5R7QXY;
				INFOPLIST_FILE = Osiris/Info.plist;
				IPHONEOS_DEPLOYMENT_TARGET = 9.3;
				LD_RUNPATH_SEARCH_PATHS = "$(inherited) @executable_path/Frameworks";
				PRODUCT_BUNDLE_IDENTIFIER = org.providence.Osiris;
				PRODUCT_NAME = "$(TARGET_NAME)";
				SWIFT_VERSION = 3.0;
			};
			name = Debug;
		};
		4C63CE691F3BA43D0056722A /* Release */ = {
			isa = XCBuildConfiguration;
			baseConfigurationReference = A711BF28C3BD40140BD1F7A2 /* Pods-CareIQ.release.xcconfig */;
			buildSettings = {
				ASSETCATALOG_COMPILER_APPICON_NAME = AppIcon;
				DEVELOPMENT_TEAM = F7XY5R7QXY;
				INFOPLIST_FILE = Osiris/Info.plist;
				IPHONEOS_DEPLOYMENT_TARGET = 9.3;
				LD_RUNPATH_SEARCH_PATHS = "$(inherited) @executable_path/Frameworks";
				PRODUCT_BUNDLE_IDENTIFIER = org.providence.Osiris;
				PRODUCT_NAME = "$(TARGET_NAME)";
				SWIFT_VERSION = 3.0;
			};
			name = Release;
		};
		4C63CE6B1F3BA43D0056722A /* Debug */ = {
			isa = XCBuildConfiguration;
			buildSettings = {
				ALWAYS_EMBED_SWIFT_STANDARD_LIBRARIES = YES;
				BUNDLE_LOADER = "$(TEST_HOST)";
				DEVELOPMENT_TEAM = F7XY5R7QXY;
				INFOPLIST_FILE = OsirisTests/Info.plist;
				LD_RUNPATH_SEARCH_PATHS = "$(inherited) @executable_path/Frameworks @loader_path/Frameworks";
				PRODUCT_BUNDLE_IDENTIFIER = org.providence.OsirisTests;
				PRODUCT_NAME = "$(TARGET_NAME)";
				SWIFT_VERSION = 3.0;
				TEST_HOST = "$(BUILT_PRODUCTS_DIR)/Osiris.app/Osiris";
			};
			name = Debug;
		};
		4C63CE6C1F3BA43D0056722A /* Release */ = {
			isa = XCBuildConfiguration;
			buildSettings = {
				ALWAYS_EMBED_SWIFT_STANDARD_LIBRARIES = YES;
				BUNDLE_LOADER = "$(TEST_HOST)";
				DEVELOPMENT_TEAM = F7XY5R7QXY;
				INFOPLIST_FILE = OsirisTests/Info.plist;
				LD_RUNPATH_SEARCH_PATHS = "$(inherited) @executable_path/Frameworks @loader_path/Frameworks";
				PRODUCT_BUNDLE_IDENTIFIER = org.providence.OsirisTests;
				PRODUCT_NAME = "$(TARGET_NAME)";
				SWIFT_VERSION = 3.0;
				TEST_HOST = "$(BUILT_PRODUCTS_DIR)/Osiris.app/Osiris";
			};
			name = Release;
		};
		4C63CE6E1F3BA43D0056722A /* Debug */ = {
			isa = XCBuildConfiguration;
			buildSettings = {
				ALWAYS_EMBED_SWIFT_STANDARD_LIBRARIES = YES;
				DEVELOPMENT_TEAM = F7XY5R7QXY;
				INFOPLIST_FILE = OsirisUITests/Info.plist;
				LD_RUNPATH_SEARCH_PATHS = "$(inherited) @executable_path/Frameworks @loader_path/Frameworks";
				PRODUCT_BUNDLE_IDENTIFIER = org.providence.OsirisUITests;
				PRODUCT_NAME = "$(TARGET_NAME)";
				SWIFT_VERSION = 3.0;
				TEST_TARGET_NAME = Osiris;
			};
			name = Debug;
		};
		4C63CE6F1F3BA43D0056722A /* Release */ = {
			isa = XCBuildConfiguration;
			buildSettings = {
				ALWAYS_EMBED_SWIFT_STANDARD_LIBRARIES = YES;
				DEVELOPMENT_TEAM = F7XY5R7QXY;
				INFOPLIST_FILE = OsirisUITests/Info.plist;
				LD_RUNPATH_SEARCH_PATHS = "$(inherited) @executable_path/Frameworks @loader_path/Frameworks";
				PRODUCT_BUNDLE_IDENTIFIER = org.providence.OsirisUITests;
				PRODUCT_NAME = "$(TARGET_NAME)";
				SWIFT_VERSION = 3.0;
				TEST_TARGET_NAME = Osiris;
			};
			name = Release;
		};
/* End XCBuildConfiguration section */

/* Begin XCConfigurationList section */
		4C63CE381F3BA43D0056722A /* Build configuration list for PBXProject "Osiris" */ = {
			isa = XCConfigurationList;
			buildConfigurations = (
				4C63CE651F3BA43D0056722A /* Debug */,
				4C63CE661F3BA43D0056722A /* Release */,
			);
			defaultConfigurationIsVisible = 0;
			defaultConfigurationName = Release;
		};
		4C63CE671F3BA43D0056722A /* Build configuration list for PBXNativeTarget "CareIQ" */ = {
			isa = XCConfigurationList;
			buildConfigurations = (
				4C63CE681F3BA43D0056722A /* Debug */,
				4C63CE691F3BA43D0056722A /* Release */,
			);
			defaultConfigurationIsVisible = 0;
			defaultConfigurationName = Release;
		};
		4C63CE6A1F3BA43D0056722A /* Build configuration list for PBXNativeTarget "OsirisTests" */ = {
			isa = XCConfigurationList;
			buildConfigurations = (
				4C63CE6B1F3BA43D0056722A /* Debug */,
				4C63CE6C1F3BA43D0056722A /* Release */,
			);
			defaultConfigurationIsVisible = 0;
			defaultConfigurationName = Release;
		};
		4C63CE6D1F3BA43D0056722A /* Build configuration list for PBXNativeTarget "OsirisUITests" */ = {
			isa = XCConfigurationList;
			buildConfigurations = (
				4C63CE6E1F3BA43D0056722A /* Debug */,
				4C63CE6F1F3BA43D0056722A /* Release */,
			);
			defaultConfigurationIsVisible = 0;
			defaultConfigurationName = Release;
		};
/* End XCConfigurationList section */
	};
	rootObject = 4C63CE351F3BA43D0056722A /* Project object */;
}
